
Microsoft Visual Studio Solution File, Format Version 12.00
# Visual Studio Version 17
VisualStudioVersion = 17.11.35312.102
MinimumVisualStudioVersion = 10.0.40219.1
Project("{888888A0-9F3D-457C-B088-3A5042F75D52}") = "CapPredict", "CapPredict\CapPredict.pyproj", "{6C17A059-72AB-4035-ACF4-430D7A3CE45A}"
EndProject
Global
	GlobalSection(SolutionConfigurationPlatforms) = preSolution
		Debug|Any CPU = Debug|Any CPU
		Release|Any CPU = Release|Any CPU
	EndGlobalSection
	GlobalSection(ProjectConfigurationPlatforms) = postSolution
		{6C17A059-72AB-4035-ACF4-430D7A3CE45A}.Debug|Any CPU.ActiveCfg = Debug|Any CPU
		{6C17A059-72AB-4035-ACF4-430D7A3CE45A}.Release|Any CPU.ActiveCfg = Release|Any CPU
	EndGlobalSection
	GlobalSection(SolutionProperties) = preSolution
		HideSolutionNode = FALSE
	EndGlobalSection
	GlobalSection(ExtensibilityGlobals) = postSolution
		SolutionGuid = {1499EB4D-47E3-4FCE-8E2D-F39918F6F7DC}
	EndGlobalSection
EndGlobal
